
Microsoft Visual Studio Solution File, Format Version 12.00
# Visual Studio 2013
VisualStudioVersion = 12.0.21005.1
MinimumVisualStudioVersion = 10.0.40219.1
Project("{FAE04EC0-301F-11D3-BF4B-00C04F79EFBC}") = "AspNetRoleBasedSecurity", "AspNetRoleBasedSecurity\AspNetRoleBasedSecurity.csproj", "{D7ADA016-6E82-4F70-B6CF-B687A3B6F6EA}"
EndProject
Project("{2150E333-8FDC-42A3-9474-1A3956D46DE8}") = ".nuget", ".nuget", "{6DCF7BBA-8C8E-4E64-A6F0-3CB2A778DA69}"
	ProjectSection(SolutionItems) = preProject
		.nuget\NuGet.Config = .nuget\NuGet.Config
		.nuget\NuGet.exe = .nuget\NuGet.exe
		.nuget\NuGet.targets = .nuget\NuGet.targets
	EndProjectSection
EndProject
Global
	GlobalSection(SolutionConfigurationPlatforms) = preSolution
		Debug|Any CPU = Debug|Any CPU
		Release|Any CPU = Release|Any CPU
	EndGlobalSection
	GlobalSection(ProjectConfigurationPlatforms) = postSolution
		{D7ADA016-6E82-4F70-B6CF-B687A3B6F6EA}.Debug|Any CPU.ActiveCfg = Debug|Any CPU
		{D7ADA016-6E82-4F70-B6CF-B687A3B6F6EA}.Debug|Any CPU.Build.0 = Debug|Any CPU
		{D7ADA016-6E82-4F70-B6CF-B687A3B6F6EA}.Release|Any CPU.ActiveCfg = Release|Any CPU
		{D7ADA016-6E82-4F70-B6CF-B687A3B6F6EA}.Release|Any CPU.Build.0 = Release|Any CPU
	EndGlobalSection
	GlobalSection(SolutionProperties) = preSolution
		HideSolutionNode = FALSE
	EndGlobalSection
EndGlobal
